
Microsoft Visual Studio Solution File, Format Version 12.00
# Visual Studio Version 16
VisualStudioVersion = 16.0.31005.135
MinimumVisualStudioVersion = 10.0.40219.1
Project("{FAE04EC0-301F-11D3-BF4B-00C04F79EFBC}") = "Tamagotchi", "Tamagotchi\Tamagotchi.csproj", "{5F43B135-A46E-4452-83DD-9003D1930E57}"
EndProject
Global
	GlobalSection(SolutionConfigurationPlatforms) = preSolution
		Debug|Any CPU = Debug|Any CPU
		Release|Any CPU = Release|Any CPU
	EndGlobalSection
	GlobalSection(ProjectConfigurationPlatforms) = postSolution
		{5F43B135-A46E-4452-83DD-9003D1930E57}.Debug|Any CPU.ActiveCfg = Debug|Any CPU
		{5F43B135-A46E-4452-83DD-9003D1930E57}.Debug|Any CPU.Build.0 = Debug|Any CPU
		{5F43B135-A46E-4452-83DD-9003D1930E57}.Release|Any CPU.ActiveCfg = Release|Any CPU
		{5F43B135-A46E-4452-83DD-9003D1930E57}.Release|Any CPU.Build.0 = Release|Any CPU
	EndGlobalSection
	GlobalSection(SolutionProperties) = preSolution
		HideSolutionNode = FALSE
	EndGlobalSection
	GlobalSection(ExtensibilityGlobals) = postSolution
		SolutionGuid = {89E85622-25F6-481A-9179-A77200965C4F}
	EndGlobalSection
EndGlobal
